PODS:
  - iOSSnapshotTestCase (6.2.0):
    - iOSSnapshotTestCase/SwiftSupport (= 6.2.0)
  - iOSSnapshotTestCase/Core (6.2.0)
  - iOSSnapshotTestCase/SwiftSupport (6.2.0):
    - iOSSnapshotTestCase/Core
  - R.swift (5.2.2):
    - R.swift.Library (~> 5.2.0)
  - R.swift.Library (5.2.0)

DEPENDENCIES:
  - iOSSnapshotTestCase
  - R.swift

SPEC REPOS:
  trunk:
    - iOSSnapshotTestCase
    - R.swift
    - R.swift.Library

SPEC CHECKSUMS:
  iOSSnapshotTestCase: 9ab44cb5aa62b84d31847f40680112e15ec579a6
  R.swift: 7c52cdc57a66840ffe6cbd8a823d732059d42a32
  R.swift.Library: 5ba4f1631300caf9a4d890186930da85d540769d

PODFILE CHECKSUM: 6682ebc4f35507ca9d304e14a838120d9b0ab4c6

COCOAPODS: 1.9.3
